{
  "version": 4,
  "terraform_version": "0.14.3",
  "serial": 25,
  "lineage": "6ec38cee-839e-fbde-532b-2089bb96d642",
  "outputs": {
    "instance_ip_addr": {
      "value": [
        "172.31.5.19"
      ],
      "type": [
        "tuple",
        [
          "string"
        ]
      ]
    }
  },
  "resources": [
    {
      "mode": "managed",
      "type": "aws_instance",
      "name": "my_instance",
      "provider": "provider[\"registry.terraform.io/hashicorp/aws\"]",
      "instances": [
        {
          "index_key": 0,
          "schema_version": 1,
          "attributes": {
            "ami": "ami-09558250a3419e7d0",
            "arn": "arn:aws:ec2:us-east-2:396563487571:instance/i-07ba5fa9013f884bc",
            "associate_public_ip_address": true,
            "availability_zone": "us-east-2a",
            "cpu_core_count": 1,
            "cpu_threads_per_core": 1,
            "credit_specification": [
              {
                "cpu_credits": "standard"
              }
            ],
            "disable_api_termination": false,
            "ebs_block_device": [],
            "ebs_optimized": false,
            "enclave_options": [
              {
                "enabled": false
              }
            ],
            "ephemeral_block_device": [],
            "get_password_data": false,
            "hibernation": false,
            "host_id": null,
            "iam_instance_profile": "",
            "id": "i-07ba5fa9013f884bc",
            "instance_initiated_shutdown_behavior": null,
            "instance_state": "running",
            "instance_type": "t2.micro",
            "ipv6_address_count": 0,
            "ipv6_addresses": [],
            "key_name": "",
            "metadata_options": [
              {
                "http_endpoint": "enabled",
                "http_put_response_hop_limit": 1,
                "http_tokens": "optional"
              }
            ],
            "monitoring": false,
            "network_interface": [],
            "outpost_arn": "",
            "password_data": "",
            "placement_group": "",
            "primary_network_interface_id": "eni-05567963da495bd04",
            "private_dns": "ip-172-31-5-19.us-east-2.compute.internal",
            "private_ip": "172.31.5.19",
            "public_dns": "ec2-18-224-43-117.us-east-2.compute.amazonaws.com",
            "public_ip": "18.224.43.117",
            "root_block_device": [
              {
                "delete_on_termination": true,
                "device_name": "/dev/xvda",
                "encrypted": false,
                "iops": 100,
                "kms_key_id": "",
                "throughput": 0,
                "volume_id": "vol-083f0229e445a424f",
                "volume_size": 8,
                "volume_type": "gp2"
              }
            ],
            "secondary_private_ips": [],
            "security_groups": [
              "default"
            ],
            "source_dest_check": true,
            "subnet_id": "subnet-98864df3",
            "tags": {
              "Name": "Web Server"
            },
            "tenancy": "default",
            "timeouts": null,
            "user_data": null,
            "user_data_base64": null,
            "volume_tags": {},
            "vpc_security_group_ids": [
              "sg-b5f58dc8"
            ]
          },
          "sensitive_attributes": [],
          "private": "eyJlMmJmYjczMC1lY2FhLTExZTYtOGY4OC0zNDM2M2JjN2M0YzAiOnsiY3JlYXRlIjo2MDAwMDAwMDAwMDAsImRlbGV0ZSI6MTIwMDAwMDAwMDAwMCwidXBkYXRlIjo2MDAwMDAwMDAwMDB9LCJzY2hlbWFfdmVyc2lvbiI6IjEifQ=="
        }
      ]
    },
    {
      "mode": "managed",
      "type": "aws_key_pair",
      "name": "my_key",
      "provider": "provider[\"registry.terraform.io/hashicorp/aws\"]",
      "instances": [
        {
          "schema_version": 1,
          "attributes": {
            "arn": "arn:aws:ec2:us-east-2:396563487571:key-pair/sangee",
            "fingerprint": "a4:3f:0d:c5:e7:d9:fb:29:db:85:80:19:a2:33:82:bf",
            "id": "sangee",
            "key_name": "sangee",
            "key_name_prefix": null,
            "key_pair_id": "key-036401693ca41fd4b",
            "public_key": "ssh-rsa AAAAB3NzaC1yc2EAAAADAQABAAABAQCu5jC02MTt5jbHX84XQLiqcY70vrYaGx9tYKD7j5ME+/CUyCNI8M/+JVCYfgAa2nJBeC4WzEQJXEB7ZvhpbOc1R5UFHPUT9MARHjQ1VVOO/VMBHJeTbruRYvKeZmkDfxodR7yjuFH4eGnKYD+bZvaEN/XwaDYYE8AxiI9NeHkJETrB06LQkPbtwZBCc7OdNzUXXOyCMtndvZYRauuh4tS32U3bbBErfI9XYv7vGZnByhW3Ug/v7viGWUpUIa6NWGfEdGN7BeBn4pap4Y8pI35mnAZCcLwqvhjceMkRhuRQANn8mUyl+jFL2E+L4Q0+9pAXfhYHk3Dnbs4SO4ygCsf1 tzuser@Teezle",
            "tags": null
          },
          "sensitive_attributes": [],
          "private": "eyJzY2hlbWFfdmVyc2lvbiI6IjEifQ=="
        }
      ]
    }
  ]
}
